
Microsoft Visual Studio Solution File, Format Version 12.00
# Visual Studio Version 17
VisualStudioVersion = 17.14.36310.24
MinimumVisualStudioVersion = 10.0.40219.1
Project("{FAE04EC0-301F-11D3-BF4B-00C04F79EFBC}") = "Exam", "Exam\Exam.csproj", "{8BF8C1AD-54ED-4123-B638-4BF238D4C195}"
EndProject
Project("{FAE04EC0-301F-11D3-BF4B-00C04F79EFBC}") = "Task 1 Dictionary", "Task 1 Dictionary\Task 1 Dictionary.csproj", "{6A7E0647-D7DC-49DD-899B-E9B2911DF574}"
EndProject
Project("{FAE04EC0-301F-11D3-BF4B-00C04F79EFBC}") = "ProjectLogic", "Tempfiles t1\ProjectLogic.csproj", "{D8338AA4-DCF6-4DF4-8757-280D67778C31}"
EndProject
Global
	GlobalSection(SolutionConfigurationPlatforms) = preSolution
		Debug|Any CPU = Debug|Any CPU
		Release|Any CPU = Release|Any CPU
	EndGlobalSection
	GlobalSection(ProjectConfigurationPlatforms) = postSolution
		{8BF8C1AD-54ED-4123-B638-4BF238D4C195}.Debug|Any CPU.ActiveCfg = Debug|Any CPU
		{8BF8C1AD-54ED-4123-B638-4BF238D4C195}.Debug|Any CPU.Build.0 = Debug|Any CPU
		{8BF8C1AD-54ED-4123-B638-4BF238D4C195}.Release|Any CPU.ActiveCfg = Release|Any CPU
		{8BF8C1AD-54ED-4123-B638-4BF238D4C195}.Release|Any CPU.Build.0 = Release|Any CPU
		{6A7E0647-D7DC-49DD-899B-E9B2911DF574}.Debug|Any CPU.ActiveCfg = Debug|Any CPU
		{6A7E0647-D7DC-49DD-899B-E9B2911DF574}.Debug|Any CPU.Build.0 = Debug|Any CPU
		{6A7E0647-D7DC-49DD-899B-E9B2911DF574}.Release|Any CPU.ActiveCfg = Release|Any CPU
		{6A7E0647-D7DC-49DD-899B-E9B2911DF574}.Release|Any CPU.Build.0 = Release|Any CPU
		{D8338AA4-DCF6-4DF4-8757-280D67778C31}.Debug|Any CPU.ActiveCfg = Debug|Any CPU
		{D8338AA4-DCF6-4DF4-8757-280D67778C31}.Debug|Any CPU.Build.0 = Debug|Any CPU
		{D8338AA4-DCF6-4DF4-8757-280D67778C31}.Release|Any CPU.ActiveCfg = Release|Any CPU
		{D8338AA4-DCF6-4DF4-8757-280D67778C31}.Release|Any CPU.Build.0 = Release|Any CPU
	EndGlobalSection
	GlobalSection(SolutionProperties) = preSolution
		HideSolutionNode = FALSE
	EndGlobalSection
	GlobalSection(ExtensibilityGlobals) = postSolution
		SolutionGuid = {96C519E5-06FB-452E-A243-D44181F0115B}
	EndGlobalSection
EndGlobal
